<?xml version="1.0" encoding="utf-8"?>
<Project ToolsVersion="4.0" xmlns="http://schemas.microsoft.com/developer/msbuild/2003">
  <ItemGroup>
    <Filter Include="Source Files">
      <UniqueIdentifier>{4FC737F1-C7A5-4376-A066-2A32D752A2FF}</UniqueIdentifier>
      <Extensions>cpp;c;cc;cxx;def;odl;idl;hpj;bat;asm;asmx</Extensions>
    </Filter>
    <Filter Include="Header Files">
      <UniqueIdentifier>{93995380-89BD-4b04-88EB-625FBE52EBFB}</UniqueIdentifier>
      <Extensions>h;hh;hpp;hxx;hm;inl;inc;ipp;xsd</Extensions>
    </Filter>
    <Filter Include="Shaders">
      <UniqueIdentifier>{874b7e42-a859-40e9-bb53-0618871e2327}</UniqueIdentifier>
    </Filter>
    <Filter Include="Reconstruction">
      <UniqueIdentifier>{16b5dbe9-9993-4329-bb8b-6024e49fed04}</UniqueIdentifier>
    </Filter>
    <Filter Include="LM">
      <UniqueIdentifier>{d3a8ae93-c96f-4cda-98d6-aa5b6f9a5ab8}</UniqueIdentifier>
    </Filter>
    <Filter Include="Other">
      <UniqueIdentifier>{684f2663-9638-4a49-a9ec-a5f7b6971685}</UniqueIdentifier>
    </Filter>
  </ItemGroup>
  <ItemGroup>
    <ClInclude Include="Generator.h">
      <Filter>Header Files</Filter>
    </ClInclude>
    <ClInclude Include="Definitions.h">
      <Filter>Header Files</Filter>
    </ClInclude>
    <ClInclude Include="SMPL.h">
      <Filter>Header Files</Filter>
    </ClInclude>
    <ClInclude Include="Utils.h">
      <Filter>Header Files</Filter>
    </ClInclude>
    <ClInclude Include="DXUtils.h">
      <Filter>Header Files</Filter>
    </ClInclude>
    <ClInclude Include="Optimizer.h">
      <Filter>Header Files</Filter>
    </ClInclude>
    <ClInclude Include="Image.h">
      <Filter>Header Files</Filter>
    </ClInclude>
    <ClInclude Include="Projector.h">
      <Filter>Header Files</Filter>
    </ClInclude>
    <ClInclude Include="EulerAngles.h">
      <Filter>Header Files</Filter>
    </ClInclude>
    <ClInclude Include="LevenbergMarquardt.h">
      <Filter>Header Files</Filter>
    </ClInclude>
    <ClInclude Include="Body.h">
      <Filter>Header Files</Filter>
    </ClInclude>
    <ClInclude Include="SilhouetteRenderer.h">
      <Filter>Header Files</Filter>
    </ClInclude>
    <ClInclude Include="SilhouetteEnergy.h">
      <Filter>Header Files</Filter>
    </ClInclude>
    <ClInclude Include="PriorEnergy.h">
      <Filter>Header Files</Filter>
    </ClInclude>
    <ClInclude Include="JointsEnergy.h">
      <Filter>Header Files</Filter>
    </ClInclude>
    <ClInclude Include="Reconstruction.h">
      <Filter>Header Files</Filter>
    </ClInclude>
    <ClInclude Include="JointsRegressor.h">
      <Filter>Header Files</Filter>
    </ClInclude>
    <ClInclude Include="SilhouetteCorrespondences.h">
      <Filter>Header Files</Filter>
    </ClInclude>
  </ItemGroup>
  <ItemGroup>
    <ClCompile Include="Generator.cpp">
      <Filter>Source Files</Filter>
    </ClCompile>
    <ClCompile Include="Utils.cpp">
      <Filter>Source Files</Filter>
    </ClCompile>
    <ClCompile Include="Optimizer.cpp">
      <Filter>Source Files</Filter>
    </ClCompile>
    <ClCompile Include="Image.cpp">
      <Filter>Source Files</Filter>
    </ClCompile>
    <ClCompile Include="Projector.cpp">
      <Filter>Source Files</Filter>
    </ClCompile>
    <ClCompile Include="EulerAngles.cpp">
      <Filter>Source Files</Filter>
    </ClCompile>
    <ClCompile Include="Definitions.cpp">
      <Filter>Source Files</Filter>
    </ClCompile>
    <ClCompile Include="LevenbergMarquardt.cpp">
      <Filter>Source Files</Filter>
    </ClCompile>
    <ClCompile Include="Body.cpp">
      <Filter>Source Files</Filter>
    </ClCompile>
    <ClCompile Include="SilhouetteRenderer.cpp">
      <Filter>Source Files</Filter>
    </ClCompile>
    <ClCompile Include="SilhouetteEnergy.cpp">
      <Filter>Source Files</Filter>
    </ClCompile>
    <ClCompile Include="PriorEnergy.cpp">
      <Filter>Source Files</Filter>
    </ClCompile>
    <ClCompile Include="JointsEnergy.cpp">
      <Filter>Source Files</Filter>
    </ClCompile>
    <ClCompile Include="Reconstruction.cpp">
      <Filter>Source Files</Filter>
    </ClCompile>
    <ClCompile Include="JointsRegressor.cpp">
      <Filter>Source Files</Filter>
    </ClCompile>
    <ClCompile Include="SilhouetteCorrespondences.cpp">
      <Filter>Source Files</Filter>
    </ClCompile>
  </ItemGroup>
  <ItemGroup>
    <None Include="Silhouette.hlsli">
      <Filter>Shaders</Filter>
    </None>
    <None Include="..\Model\Reconstructions\quick.json">
      <Filter>Reconstruction</Filter>
    </None>
    <None Include="..\Model\Reconstructions\medium.json">
      <Filter>Reconstruction</Filter>
    </None>
    <None Include="..\Model\Reconstructions\long.json">
      <Filter>Reconstruction</Filter>
    </None>
    <None Include="..\Model\Reconstructions\regularized.json">
      <Filter>Reconstruction</Filter>
    </None>
    <None Include="..\Model\Reconstructions\joints_and_silhouette.json">
      <Filter>Reconstruction</Filter>
    </None>
    <None Include="..\Model\Reconstructions\body.json">
      <Filter>Reconstruction</Filter>
    </None>
    <None Include="..\Model\LM\fast.json">
      <Filter>LM</Filter>
    </None>
    <None Include="..\Model\silhouette_correspondences.json">
      <Filter>Other</Filter>
    </None>
    <None Include="..\Model\Reconstructions\all.json">
      <Filter>Reconstruction</Filter>
    </None>
  </ItemGroup>
  <ItemGroup>
    <FxCompile Include="SilhouetteGS.hlsl">
      <Filter>Shaders</Filter>
    </FxCompile>
    <FxCompile Include="SilhouettePS.hlsl">
      <Filter>Shaders</Filter>
    </FxCompile>
    <FxCompile Include="SilhouetteVS.hlsl">
      <Filter>Shaders</Filter>
    </FxCompile>
  </ItemGroup>
</Project>