<?xml version="1.0" encoding="utf-8"?>
<Project ToolsVersion="4.0" xmlns="http://schemas.microsoft.com/developer/msbuild/2003">
  <ItemGroup>
    <Filter Include="Source Files">
      <UniqueIdentifier>{4FC737F1-C7A5-4376-A066-2A32D752A2FF}</UniqueIdentifier>
      <Extensions>cpp;c;cc;cxx;def;odl;idl;hpj;bat;asm;asmx</Extensions>
    </Filter>
    <Filter Include="Header Files">
      <UniqueIdentifier>{93995380-89BD-4b04-88EB-625FBE52EBFB}</UniqueIdentifier>
      <Extensions>h;hh;hpp;hxx;hm;inl;inc;ipp;xsd</Extensions>
    </Filter>
    <Filter Include="Resource Files">
      <UniqueIdentifier>{67DA6AB6-F800-4c08-8B7A-83BB121AAD01}</UniqueIdentifier>
      <Extensions>rc;ico;cur;bmp;dlg;rc2;rct;bin;rgs;gif;jpg;jpeg;jpe;resx;tiff;tif;png;wav;mfcribbon-ms</Extensions>
    </Filter>
    <Filter Include="Resource Files\Configs">
      <UniqueIdentifier>{43d8fcfb-9ebe-4cfe-8eb4-43d5a93d5fff}</UniqueIdentifier>
    </Filter>
    <Filter Include="Resource Files\Configs\Jacobian">
      <UniqueIdentifier>{76662d14-3fc5-4e2b-a96f-78a77a08096d}</UniqueIdentifier>
    </Filter>
    <Filter Include="Resource Files\Configs\SyntheticParameters">
      <UniqueIdentifier>{aa2b59f7-6642-4f04-8041-2c52e42b3346}</UniqueIdentifier>
    </Filter>
    <Filter Include="Resource Files\Configs\SyntheticBodies">
      <UniqueIdentifier>{2c164dc2-01c5-4895-9f0d-dd486c8f6354}</UniqueIdentifier>
    </Filter>
  </ItemGroup>
  <ItemGroup>
    <ClCompile Include="UnitTests.cpp">
      <Filter>Source Files</Filter>
    </ClCompile>
    <ClCompile Include="TestEulerAngles.cpp">
      <Filter>Source Files</Filter>
    </ClCompile>
    <ClCompile Include="TestKinematicChain.cpp">
      <Filter>Source Files</Filter>
    </ClCompile>
    <ClCompile Include="TestPoseReconstruction2D.cpp">
      <Filter>Source Files</Filter>
    </ClCompile>
    <ClCompile Include="TestPoseReconstruction3D.cpp">
      <Filter>Source Files</Filter>
    </ClCompile>
    <ClCompile Include="TestShapeReconstruction.cpp">
      <Filter>Source Files</Filter>
    </ClCompile>
    <ClCompile Include="TestEigen.cpp">
      <Filter>Source Files</Filter>
    </ClCompile>
    <ClCompile Include="TestExtrinsics.cpp">
      <Filter>Source Files</Filter>
    </ClCompile>
    <ClCompile Include="TestSilhouetteRenderer.cpp">
      <Filter>Source Files</Filter>
    </ClCompile>
    <ClCompile Include="TestReconstruction2.cpp">
      <Filter>Source Files</Filter>
    </ClCompile>
    <ClCompile Include="TestShapeFromJoints.cpp">
      <Filter>Source Files</Filter>
    </ClCompile>
    <ClCompile Include="TestJacobianBody.cpp">
      <Filter>Source Files</Filter>
    </ClCompile>
    <ClCompile Include="TestJacobianJoints.cpp">
      <Filter>Source Files</Filter>
    </ClCompile>
    <ClCompile Include="TestJacobianSilhouette.cpp">
      <Filter>Source Files</Filter>
    </ClCompile>
    <ClCompile Include="TestJacobianSkinning.cpp">
      <Filter>Source Files</Filter>
    </ClCompile>
    <ClCompile Include="TestProjector.cpp">
      <Filter>Source Files</Filter>
    </ClCompile>
    <ClCompile Include="Common.cpp">
      <Filter>Source Files</Filter>
    </ClCompile>
    <ClCompile Include="TestSyntheticReconstructionFromJoints.cpp">
      <Filter>Source Files</Filter>
    </ClCompile>
    <ClCompile Include="TestSyntheticReconstructionFromSilhouette.cpp">
      <Filter>Source Files</Filter>
    </ClCompile>
    <ClCompile Include="TestSilhouetteCorrespondences.cpp">
      <Filter>Source Files</Filter>
    </ClCompile>
    <ClCompile Include="TestJointsRegressor.cpp">
      <Filter>Source Files</Filter>
    </ClCompile>
    <ClCompile Include="TestSyntheticReconstructionFromJointsAndSilhouettes.cpp">
      <Filter>Source Files</Filter>
    </ClCompile>
  </ItemGroup>
  <ItemGroup>
    <None Include="Settings\UnitTests.runsettings" />
    <None Include="Confs\jacobian_joints_from_pose0.json">
      <Filter>Resource Files\Configs\Jacobian</Filter>
    </None>
    <None Include="Confs\jacobian_joints_from_pose1.json">
      <Filter>Resource Files\Configs\Jacobian</Filter>
    </None>
    <None Include="Confs\jacobian_joints_from_pose2.json">
      <Filter>Resource Files\Configs\Jacobian</Filter>
    </None>
    <None Include="Confs\jacobian_joints_from_shape0.json">
      <Filter>Resource Files\Configs\Jacobian</Filter>
    </None>
    <None Include="Confs\jacobian_joints_from_shape1.json">
      <Filter>Resource Files\Configs\Jacobian</Filter>
    </None>
    <None Include="Confs\jacobian_silhouette_from_pose0.json">
      <Filter>Resource Files\Configs\Jacobian</Filter>
    </None>
    <None Include="Confs\jacobian_silhouette_from_pose1.json">
      <Filter>Resource Files\Configs\Jacobian</Filter>
    </None>
    <None Include="Confs\jacobian_silhouette_from_pose2.json">
      <Filter>Resource Files\Configs\Jacobian</Filter>
    </None>
    <None Include="Confs\jacobian_silhouette_from_shape0.json">
      <Filter>Resource Files\Configs\Jacobian</Filter>
    </None>
    <None Include="Confs\jacobian_silhouette_from_shape1.json">
      <Filter>Resource Files\Configs\Jacobian</Filter>
    </None>
    <None Include="Confs\synthetic_pose_from_joints0.json">
      <Filter>Resource Files\Configs\SyntheticParameters</Filter>
    </None>
    <None Include="Confs\synthetic_pose_from_joints1.json">
      <Filter>Resource Files\Configs\SyntheticParameters</Filter>
    </None>
    <None Include="Confs\synthetic_pose_from_joints2.json">
      <Filter>Resource Files\Configs\SyntheticParameters</Filter>
    </None>
    <None Include="Confs\synthetic_pose_from_silhouette0.json">
      <Filter>Resource Files\Configs\SyntheticParameters</Filter>
    </None>
    <None Include="Confs\synthetic_pose_from_silhouette1.json">
      <Filter>Resource Files\Configs\SyntheticParameters</Filter>
    </None>
    <None Include="Confs\synthetic_pose_from_silhouette2.json">
      <Filter>Resource Files\Configs\SyntheticParameters</Filter>
    </None>
    <None Include="Confs\synthetic_shape_from_joints0.json">
      <Filter>Resource Files\Configs\SyntheticParameters</Filter>
    </None>
    <None Include="Confs\synthetic_shape_from_joints1.json">
      <Filter>Resource Files\Configs\SyntheticParameters</Filter>
    </None>
    <None Include="Confs\synthetic_shape_from_silhouette0.json">
      <Filter>Resource Files\Configs\SyntheticParameters</Filter>
    </None>
    <None Include="Confs\synthetic_shape_from_silhouette1.json">
      <Filter>Resource Files\Configs\SyntheticParameters</Filter>
    </None>
    <None Include="Confs\synthetic_translation_from_joints0.json">
      <Filter>Resource Files\Configs\SyntheticParameters</Filter>
    </None>
    <None Include="Confs\synthetic_translation_from_joints1.json">
      <Filter>Resource Files\Configs\SyntheticParameters</Filter>
    </None>
    <None Include="Confs\jacobian_joints_from_translation1.json">
      <Filter>Resource Files\Configs\Jacobian</Filter>
    </None>
    <None Include="Confs\jacobian_joints_from_translation0.json">
      <Filter>Resource Files\Configs\Jacobian</Filter>
    </None>
    <None Include="Confs\synthetic_body_from_joints_and_silhouette0.json">
      <Filter>Resource Files\Configs\SyntheticBodies</Filter>
    </None>
    <None Include="Confs\synthetic_body_from_joints_and_silhouette1.json">
      <Filter>Resource Files\Configs\SyntheticBodies</Filter>
    </None>
    <None Include="Confs\synthetic_body_from_joints_and_silhouette2.json">
      <Filter>Resource Files\Configs\SyntheticBodies</Filter>
    </None>
    <None Include="Confs\synthetic_body_from_joints0.json">
      <Filter>Resource Files\Configs\SyntheticBodies</Filter>
    </None>
    <None Include="Confs\synthetic_body_from_joints1.json">
      <Filter>Resource Files\Configs\SyntheticBodies</Filter>
    </None>
    <None Include="Confs\synthetic_body_from_joints2.json">
      <Filter>Resource Files\Configs\SyntheticBodies</Filter>
    </None>
    <None Include="Confs\synthetic_body_regularized_from_joints0.json">
      <Filter>Resource Files\Configs\SyntheticBodies</Filter>
    </None>
    <None Include="Confs\synthetic_body_regularized_from_joints1.json">
      <Filter>Resource Files\Configs\SyntheticBodies</Filter>
    </None>
    <None Include="Confs\synthetic_body_regularized_from_joints2.json">
      <Filter>Resource Files\Configs\SyntheticBodies</Filter>
    </None>
    <None Include="Confs\synthetic_body_from_silhouette0.json">
      <Filter>Resource Files\Configs\SyntheticBodies</Filter>
    </None>
    <None Include="Confs\synthetic_body_from_silhouette1.json">
      <Filter>Resource Files\Configs\SyntheticBodies</Filter>
    </None>
    <None Include="Confs\synthetic_body_from_silhouette2.json">
      <Filter>Resource Files\Configs\SyntheticBodies</Filter>
    </None>
  </ItemGroup>
  <ItemGroup>
    <ClInclude Include="Common.h">
      <Filter>Source Files</Filter>
    </ClInclude>
  </ItemGroup>
</Project>